{
    "_readme": [
        "This file locks the dependencies of your project to a known state",
        "Read more about it at https://getcomposer.org/doc/01-basic-usage.md#installing-dependencies",
        "This file is @generated automatically"
    ],
    "content-hash": "f076d729214afc30891a868b536e422d",
    "packages": [
        {
            "name": "spatie/schema-org",
            "version": "3.2.0",
            "source": {
                "type": "git",
                "url": "https://github.com/spatie/schema-org.git",
                "reference": "a9aff51a891058d8d58f8bb4b4b425d1382dba00"
            },
            "dist": {
                "type": "zip",
                "url": "https://api.github.com/repos/spatie/schema-org/zipball/a9aff51a891058d8d58f8bb4b4b425d1382dba00",
                "reference": "a9aff51a891058d8d58f8bb4b4b425d1382dba00",
                "shasum": ""
            },
            "require": {
                "ext-json": "*",
                "php": "^7.3"
            },
            "require-dev": {
                "graham-campbell/analyzer": "^2.3",
                "league/flysystem": "^1.0",
                "phpunit/phpunit": "^8.0",
                "symfony/console": "^3.2",
                "tightenco/collect": "^7.25",
                "twig/twig": "^1.28"
            },
            "type": "library",
            "autoload": {
                "psr-4": {
                    "Spatie\\SchemaOrg\\": "src"
                }
            },
            "notification-url": "https://packagist.org/downloads/",
            "license": [
                "MIT"
            ],
            "authors": [
                {
                    "name": "Sebastian De Deyne",
                    "email": "sebastian@spatie.be",
                    "homepage": "https://spatie.be",
                    "role": "Developer"
                },
                {
                    "name": "Tom Witkowski",
                    "email": "dev.gummibeer@gmail.com",
                    "homepage": "https://gummibeer.de",
                    "role": "Developer"
                }
            ],
            "description": "A fluent builder Schema.org types and ld+json generator",
            "homepage": "https://github.com/spatie/schema-org",
            "keywords": [
                "schema-org",
                "spatie"
            ],
            "support": {
                "issues": "https://github.com/spatie/schema-org/issues",
                "source": "https://github.com/spatie/schema-org/tree/3.2.0"
            },
            "funding": [
                {
                    "url": "https://spatie.be/open-source/support-us",
                    "type": "custom"
                },
                {
                    "url": "https://github.com/spatie",
                    "type": "github"
                }
            ],
            "time": "2020-11-05T15:56:26+00:00"
        },
        {
            "name": "whitecube/lingua",
            "version": "1.0.4",
            "source": {
                "type": "git",
                "url": "https://github.com/whitecube/lingua.git",
                "reference": "61a72faa21caa0f2ec6ec85c1899793f3eb42cc6"
            },
            "dist": {
                "type": "zip",
                "url": "https://api.github.com/repos/whitecube/lingua/zipball/61a72faa21caa0f2ec6ec85c1899793f3eb42cc6",
                "reference": "61a72faa21caa0f2ec6ec85c1899793f3eb42cc6",
                "shasum": ""
            },
            "require": {
                "ext-mbstring": "*",
                "php": "^7.0"
            },
            "require-dev": {
                "codeclimate/php-test-reporter": "dev-master",
                "phpunit/phpunit": "^6.1"
            },
            "type": "library",
            "autoload": {
                "psr-4": {
                    "WhiteCube\\Lingua\\": "src/Lingua/"
                }
            },
            "notification-url": "https://packagist.org/downloads/",
            "license": [
                "MIT"
            ],
            "authors": [
                {
                    "name": "WhiteCube",
                    "email": "hello@whitecube.be",
                    "homepage": "http://www.whitecube.be",
                    "role": "Maintainer"
                },
                {
                    "name": "Toon Van den Bos",
                    "email": "toon@whitecube.be",
                    "role": "Developer"
                },
                {
                    "name": "Adrien Leloup",
                    "email": "adrien@whitecube.be",
                    "role": "Developer"
                }
            ],
            "description": "A PHP-7 language codes converter, from and to the most common formats (ISO, W3C, PHP and human-readable names).",
            "keywords": [
                "BCP-47",
                "codes",
                "conversion",
                "iso",
                "language",
                "locales",
                "localization",
                "translate",
                "translation"
            ],
            "support": {
                "issues": "https://github.com/whiteCube/lingua/issues",
                "source": "https://github.com/whiteCube/lingua"
            },
            "time": "2020-02-06T15:01:22+00:00"
        }
    ],
    "packages-dev": [],
    "aliases": [],
    "minimum-stability": "stable",
    "stability-flags": [],
    "prefer-stable": false,
    "prefer-lowest": false,
    "platform": [],
    "platform-dev": [],
    "plugin-api-version": "2.0.0"
}
