{
    "_readme": [
        "This file locks the dependencies of your project to a known state",
        "Read more about it at https://getcomposer.org/doc/01-basic-usage.md#installing-dependencies",
        "This file is @generated automatically"
    ],
    "content-hash": "676773ffb518c7b7d1d6e1b5ea80b084",
    "packages": [
        {
            "name": "spatie/schema-org",
            "version": "3.11.0",
            "source": {
                "type": "git",
                "url": "https://github.com/spatie/schema-org.git",
                "reference": "75d67883903ce450e8039e6f03d07c0bdd6a39ba"
            },
            "dist": {
                "type": "zip",
                "url": "https://api.github.com/repos/spatie/schema-org/zipball/75d67883903ce450e8039e6f03d07c0bdd6a39ba",
                "reference": "75d67883903ce450e8039e6f03d07c0bdd6a39ba",
                "shasum": ""
            },
            "require": {
                "ext-json": "*",
                "php": "^8.0"
            },
            "require-dev": {
                "friendsofphp/php-cs-fixer": "^3.6",
                "graham-campbell/analyzer": "^3.0.5",
                "illuminate/collections": "^8.62.0",
                "league/flysystem": "^2.3.0 || ^3.0",
                "pestphp/pest": "^1.21",
                "symfony/console": "^5.3.7 || 6.0",
                "twig/twig": "^3.3.3"
            },
            "type": "library",
            "autoload": {
                "psr-4": {
                    "Spatie\\SchemaOrg\\": "src"
                }
            },
            "notification-url": "https://packagist.org/downloads/",
            "license": [
                "MIT"
            ],
            "authors": [
                {
                    "name": "Sebastian De Deyne",
                    "email": "sebastian@spatie.be",
                    "homepage": "https://spatie.be",
                    "role": "Developer"
                },
                {
                    "name": "Tom Witkowski",
                    "email": "dev.gummibeer@gmail.com",
                    "homepage": "https://gummibeer.de",
                    "role": "Developer"
                }
            ],
            "description": "A fluent builder Schema.org types and ld+json generator",
            "homepage": "https://github.com/spatie/schema-org",
            "keywords": [
                "schema-org",
                "spatie"
            ],
            "support": {
                "issues": "https://github.com/spatie/schema-org/issues",
                "source": "https://github.com/spatie/schema-org/tree/3.11.0"
            },
            "funding": [
                {
                    "url": "https://spatie.be/open-source/support-us",
                    "type": "custom"
                },
                {
                    "url": "https://github.com/spatie",
                    "type": "github"
                }
            ],
            "time": "2022-04-11T13:29:01+00:00"
        },
        {
            "name": "whitecube/lingua",
            "version": "1.1.1",
            "source": {
                "type": "git",
                "url": "https://github.com/whitecube/lingua.git",
                "reference": "db5e8a211085178bc293a92dc024320b1c62aec6"
            },
            "dist": {
                "type": "zip",
                "url": "https://api.github.com/repos/whitecube/lingua/zipball/db5e8a211085178bc293a92dc024320b1c62aec6",
                "reference": "db5e8a211085178bc293a92dc024320b1c62aec6",
                "shasum": ""
            },
            "require": {
                "ext-mbstring": "*",
                "php": "^7.0|^8.0"
            },
            "require-dev": {
                "phpunit/phpunit": "^9.3"
            },
            "type": "library",
            "autoload": {
                "psr-4": {
                    "WhiteCube\\Lingua\\": "src/Lingua/"
                }
            },
            "notification-url": "https://packagist.org/downloads/",
            "license": [
                "MIT"
            ],
            "authors": [
                {
                    "name": "WhiteCube",
                    "email": "hello@whitecube.be",
                    "homepage": "http://www.whitecube.be",
                    "role": "Maintainer"
                },
                {
                    "name": "Toon Van den Bos",
                    "email": "toon@whitecube.be",
                    "role": "Developer"
                },
                {
                    "name": "Adrien Leloup",
                    "email": "adrien@whitecube.be",
                    "role": "Developer"
                }
            ],
            "description": "A PHP language codes converter, from and to the most common formats (ISO, W3C, PHP and human-readable names).",
            "keywords": [
                "BCP-47",
                "codes",
                "conversion",
                "iso",
                "language",
                "locales",
                "localization",
                "translate",
                "translation"
            ],
            "support": {
                "issues": "https://github.com/whiteCube/lingua/issues",
                "source": "https://github.com/whiteCube/lingua"
            },
            "funding": [
                {
                    "url": "https://github.com/whitecube",
                    "type": "github"
                }
            ],
            "time": "2021-11-25T13:30:13+00:00"
        }
    ],
    "packages-dev": [],
    "aliases": [],
    "minimum-stability": "stable",
    "stability-flags": [],
    "prefer-stable": false,
    "prefer-lowest": false,
    "platform": {
        "php": "^8.0"
    },
    "platform-dev": [],
    "plugin-api-version": "2.3.0"
}
